# This file is automatically @generated by Cargo.
# It is not intended for manual editing.
version = 4

[[package]]
name = "atlas-cli"
version = "0.1.0"

[[package]]
name = "atlas-core"
version = "0.1.0"

[[package]]
name = "atlas-llm"
version = "0.1.0"

[[package]]
name = "atlas-parser"
version = "0.1.0"
dependencies = [
 "atlas-core",
]

[[package]]
name = "atlas-vdb"
version = "0.1.0"
